
Microsoft Visual Studio Solution File, Format Version 12.00
# Visual Studio Version 16
VisualStudioVersion = 16.0.30413.136
MinimumVisualStudioVersion = 10.0.40219.1
Project("{FAE04EC0-301F-11D3-BF4B-00C04F79EFBC}") = "Onlypans-Parcial", "Onlypans-Parcial.csproj", "{B7E5A4F6-997C-4C5F-A017-25C2F919D1FE}"
EndProject
Global
	GlobalSection(SolutionConfigurationPlatforms) = preSolution
		Debug|Any CPU = Debug|Any CPU
		Release|Any CPU = Release|Any CPU
	EndGlobalSection
	GlobalSection(ProjectConfigurationPlatforms) = postSolution
		{B7E5A4F6-997C-4C5F-A017-25C2F919D1FE}.Debug|Any CPU.ActiveCfg = Debug|Any CPU
		{B7E5A4F6-997C-4C5F-A017-25C2F919D1FE}.Debug|Any CPU.Build.0 = Debug|Any CPU
		{B7E5A4F6-997C-4C5F-A017-25C2F919D1FE}.Release|Any CPU.ActiveCfg = Release|Any CPU
		{B7E5A4F6-997C-4C5F-A017-25C2F919D1FE}.Release|Any CPU.Build.0 = Release|Any CPU
	EndGlobalSection
	GlobalSection(SolutionProperties) = preSolution
		HideSolutionNode = FALSE
	EndGlobalSection
	GlobalSection(ExtensibilityGlobals) = postSolution
		SolutionGuid = {3BA15DEC-AF84-4365-9C6A-D4EB84513739}
	EndGlobalSection
EndGlobal
